// !$*UTF8*$!
{
	archiveVersion = 1;
	classes = {
	};
	objectVersion = 48;
	objects = {

/* Begin PBXBuildFile section */
		5611A2AE1F512DC30019FEEC /* ShopsTableViewController.swift in Sources */ = {isa = PBXBuildFile; fileRef = 5611A2AD1F512DC30019FEEC /* ShopsTableViewController.swift */; };
		5611A2B01F513AC20019FEEC /* DetailTableViewController.swift in Sources */ = {isa = PBXBuildFile; fileRef = 5611A2AF1F513AC20019FEEC /* DetailTableViewController.swift */; };
		562307EB1F4F018600EDEB58 /* AppDelegate.swift in Sources */ = {isa = PBXBuildFile; fileRef = 562307EA1F4F018600EDEB58 /* AppDelegate.swift */; };
		562307ED1F4F018600EDEB58 /* ViewController.swift in Sources */ = {isa = PBXBuildFile; fileRef = 562307EC1F4F018600EDEB58 /* ViewController.swift */; };
		562307F01F4F018600EDEB58 /* Main.storyboard in Resources */ = {isa = PBXBuildFile; fileRef = 562307EE1F4F018600EDEB58 /* Main.storyboard */; };
		562307F21F4F018600EDEB58 /* Assets.xcassets in Resources */ = {isa = PBXBuildFile; fileRef = 562307F11F4F018600EDEB58 /* Assets.xcassets */; };
		562307F51F4F018600EDEB58 /* LaunchScreen.storyboard in Resources */ = {isa = PBXBuildFile; fileRef = 562307F31F4F018600EDEB58 /* LaunchScreen.storyboard */; };
/* End PBXBuildFile section */

/* Begin PBXFileReference section */
		5611A2AD1F512DC30019FEEC /* ShopsTableViewController.swift */ = {isa = PBXFileReference; lastKnownFileType = sourcecode.swift; path = ShopsTableViewController.swift; sourceTree = "<group>"; };
		5611A2AF1F513AC20019FEEC /* DetailTableViewController.swift */ = {isa = PBXFileReference; lastKnownFileType = sourcecode.swift; path = DetailTableViewController.swift; sourceTree = "<group>"; };
		562307E71F4F018600EDEB58 /* URLPractice.app */ = {isa = PBXFileReference; explicitFileType = wrapper.application; includeInIndex = 0; path = URLPractice.app; sourceTree = BUILT_PRODUCTS_DIR; };
		562307EA1F4F018600EDEB58 /* AppDelegate.swift */ = {isa = PBXFileReference; lastKnownFileType = sourcecode.swift; path = AppDelegate.swift; sourceTree = "<group>"; };
		562307EC1F4F018600EDEB58 /* ViewController.swift */ = {isa = PBXFileReference; lastKnownFileType = sourcecode.swift; path = ViewController.swift; sourceTree = "<group>"; };
		562307EF1F4F018600EDEB58 /* Base */ = {isa = PBXFileReference; lastKnownFileType = file.storyboard; name = Base; path = Base.lproj/Main.storyboard; sourceTree = "<group>"; };
		562307F11F4F018600EDEB58 /* Assets.xcassets */ = {isa = PBXFileReference; lastKnownFileType = folder.assetcatalog; path = Assets.xcassets; sourceTree = "<group>"; };
		562307F41F4F018600EDEB58 /* Base */ = {isa = PBXFileReference; lastKnownFileType = file.storyboard; name = Base; path = Base.lproj/LaunchScreen.storyboard; sourceTree = "<group>"; };
		562307F61F4F018600EDEB58 /* Info.plist */ = {isa = PBXFileReference; lastKnownFileType = text.plist.xml; path = Info.plist; sourceTree = "<group>"; };
/* End PBXFileReference section */

/* Begin PBXFrameworksBuildPhase section */
		562307E41F4F018600EDEB58 /* Frameworks */ = {
			isa = PBXFrameworksBuildPhase;
			buildActionMask = 2147483647;
			files = (
			);
			runOnlyForDeploymentPostprocessing = 0;
		};
/* End PBXFrameworksBuildPhase section */

/* Begin PBXGroup section */
		562307DE1F4F018600EDEB58 = {
			isa = PBXGroup;
			children = (
				562307E91F4F018600EDEB58 /* URLPractice */,
				562307E81F4F018600EDEB58 /* Products */,
			);
			sourceTree = "<group>";
		};
		562307E81F4F018600EDEB58 /* Products */ = {
			isa = PBXGroup;
			children = (
				562307E71F4F018600EDEB58 /* URLPractice.app */,
			);
			name = Products;
			sourceTree = "<group>";
		};
		562307E91F4F018600EDEB58 /* URLPractice */ = {
			isa = PBXGroup;
			children = (
				562307EA1F4F018600EDEB58 /* AppDelegate.swift */,
				562307EC1F4F018600EDEB58 /* ViewController.swift */,
				562307EE1F4F018600EDEB58 /* Main.storyboard */,
				5611A2AD1F512DC30019FEEC /* ShopsTableViewController.swift */,
				5611A2AF1F513AC20019FEEC /* DetailTableViewController.swift */,
				562307F11F4F018600EDEB58 /* Assets.xcassets */,
				562307F31F4F018600EDEB58 /* LaunchScreen.storyboard */,
				562307F61F4F018600EDEB58 /* Info.plist */,
			);
			path = URLPractice;
			sourceTree = "<group>";
		};
/* End PBXGroup section */

/* Begin PBXNativeTarget section */
		562307E61F4F018600EDEB58 /* URLPractice */ = {
			isa = PBXNativeTarget;
			buildConfigurationList = 562307F91F4F018600EDEB58 /* Build configuration list for PBXNativeTarget "URLPractice" */;
			buildPhases = (
				562307E31F4F018600EDEB58 /* Sources */,
				562307E41F4F018600EDEB58 /* Frameworks */,
				562307E51F4F018600EDEB58 /* Resources */,
			);
			buildRules = (
			);
			dependencies = (
			);
			name = URLPractice;
			productName = URLPractice;
			productReference = 562307E71F4F018600EDEB58 /* URLPractice.app */;
			productType = "com.apple.product-type.application";
		};
/* End PBXNativeTarget section */

/* Begin PBXProject section */
		562307DF1F4F018600EDEB58 /* Project object */ = {
			isa = PBXProject;
			attributes = {
				LastSwiftUpdateCheck = 0900;
				LastUpgradeCheck = 0900;
				ORGANIZATIONNAME = "Vince Lee";
				TargetAttributes = {
					562307E61F4F018600EDEB58 = {
						CreatedOnToolsVersion = 9.0;
						ProvisioningStyle = Automatic;
					};
				};
			};
			buildConfigurationList = 562307E21F4F018600EDEB58 /* Build configuration list for PBXProject "URLPractice" */;
			compatibilityVersion = "Xcode 8.0";
			developmentRegion = en;
			hasScannedForEncodings = 0;
			knownRegions = (
				en,
				Base,
			);
			mainGroup = 562307DE1F4F018600EDEB58;
			productRefGroup = 562307E81F4F018600EDEB58 /* Products */;
			projectDirPath = "";
			projectRoot = "";
			targets = (
				562307E61F4F018600EDEB58 /* URLPractice */,
			);
		};
/* End PBXProject section */

/* Begin PBXResourcesBuildPhase section */
		562307E51F4F018600EDEB58 /* Resources */ = {
			isa = PBXResourcesBuildPhase;
			buildActionMask = 2147483647;
			files = (
				562307F51F4F018600EDEB58 /* LaunchScreen.storyboard in Resources */,
				562307F21F4F018600EDEB58 /* Assets.xcassets in Resources */,
				562307F01F4F018600EDEB58 /* Main.storyboard in Resources */,
			);
			runOnlyForDeploymentPostprocessing = 0;
		};
/* End PBXResourcesBuildPhase section */

/* Begin PBXSourcesBuildPhase section */
		562307E31F4F018600EDEB58 /* Sources */ = {
			isa = PBXSourcesBuildPhase;
			buildActionMask = 2147483647;
			files = (
				5611A2B01F513AC20019FEEC /* DetailTableViewController.swift in Sources */,
				562307ED1F4F018600EDEB58 /* ViewController.swift in Sources */,
				562307EB1F4F018600EDEB58 /* AppDelegate.swift in Sources */,
				5611A2AE1F512DC30019FEEC /* ShopsTableViewController.swift in Sources */,
			);
			runOnlyForDeploymentPostprocessing = 0;
		};
/* End PBXSourcesBuildPhase section */

/* Begin PBXVariantGroup section */
		562307EE1F4F018600EDEB58 /* Main.storyboard */ = {
			isa = PBXVariantGroup;
			children = (
				562307EF1F4F018600EDEB58 /* Base */,
			);
			name = Main.storyboard;
			sourceTree = "<group>";
		};
		562307F31F4F018600EDEB58 /* LaunchScreen.storyboard */ = {
			isa = PBXVariantGroup;
			children = (
				562307F41F4F018600EDEB58 /* Base */,
			);
			name = LaunchScreen.storyboard;
			sourceTree = "<group>";
		};
/* End PBXVariantGroup section */

/* Begin XCBuildConfiguration section */
		562307F71F4F018600EDEB58 /* Debug */ = {
			isa = XCBuildConfiguration;
			buildSettings = {
				ALWAYS_SEARCH_USER_PATHS = NO;
				CLANG_ANALYZER_NONNULL = YES;
				CLANG_ANALYZER_NUMBER_OBJECT_CONVERSION = YES_AGGRESSIVE;
				CLANG_CXX_LANGUAGE_STANDARD = "gnu++14";
				CLANG_CXX_LIBRARY = "libc++";
				CLANG_ENABLE_MODULES = YES;
				CLANG_ENABLE_OBJC_ARC = YES;
				CLANG_WARN_BLOCK_CAPTURE_AUTORELEASING = YES;
				CLANG_WARN_BOOL_CONVERSION = YES;
				CLANG_WARN_COMMA = YES;
				CLANG_WARN_CONSTANT_CONVERSION = YES;
				CLANG_WARN_DIRECT_OBJC_ISA_USAGE = YES_ERROR;
				CLANG_WARN_DOCUMENTATION_COMMENTS = YES;
				CLANG_WARN_EMPTY_BODY = YES;
				CLANG_WARN_ENUM_CONVERSION = YES;
				CLANG_WARN_INFINITE_RECURSION = YES;
				CLANG_WARN_INT_CONVERSION = YES;
				CLANG_WARN_NON_LITERAL_NULL_CONVERSION = YES;
				CLANG_WARN_OBJC_LITERAL_CONVERSION = YES;
				CLANG_WARN_OBJC_ROOT_CLASS = YES_ERROR;
				CLANG_WARN_RANGE_LOOP_ANALYSIS = YES;
				CLANG_WARN_STRICT_PROTOTYPES = YES;
				CLANG_WARN_SUSPICIOUS_MOVE = YES;
				CLANG_WARN_UNGUARDED_AVAILABILITY = YES_AGGRESSIVE;
				CLANG_WARN_UNREACHABLE_CODE = YES;
				CLANG_WARN__DUPLICATE_METHOD_MATCH = YES;
				CODE_SIGN_IDENTITY = "iPhone Developer";
				COPY_PHASE_STRIP = NO;
				DEBUG_INFORMATION_FORMAT = dwarf;
				ENABLE_STRICT_OBJC_MSGSEND = YES;
				ENABLE_TESTABILITY = YES;
				GCC_C_LANGUAGE_STANDARD = gnu11;
				GCC_DYNAMIC_NO_PIC = NO;
				GCC_NO_COMMON_BLOCKS = YES;
				GCC_OPTIMIZATION_LEVEL = 0;
				GCC_PREPROCESSOR_DEFINITIONS = (
					"DEBUG=1",
					"$(inherited)",
				);
				GCC_WARN_64_TO_32_BIT_CONVERSION = YES;
				GCC_WARN_ABOUT_RETURN_TYPE = YES_ERROR;
				GCC_WARN_UNDECLARED_SELECTOR = YES;
				GCC_WARN_UNINITIALIZED_AUTOS = YES_AGGRESSIVE;
				GCC_WARN_UNUSED_FUNCTION = YES;
				GCC_WARN_UNUSED_VARIABLE = YES;
				IPHONEOS_DEPLOYMENT_TARGET = 11.0;
				MTL_ENABLE_DEBUG_INFO = YES;
				ONLY_ACTIVE_ARCH = YES;
				SDKROOT = iphoneos;
				SWIFT_ACTIVE_COMPILATION_CONDITIONS = DEBUG;
				SWIFT_OPTIMIZATION_LEVEL = "-Onone";
			};
			name = Debug;
		};
		562307F81F4F018600EDEB58 /* Release */ = {
			isa = XCBuildConfiguration;
			buildSettings = {
				ALWAYS_SEARCH_USER_PATHS = NO;
				CLANG_ANALYZER_NONNULL = YES;
				CLANG_ANALYZER_NUMBER_OBJECT_CONVERSION = YES_AGGRESSIVE;
				CLANG_CXX_LANGUAGE_STANDARD = "gnu++14";
				CLANG_CXX_LIBRARY = "libc++";
				CLANG_ENABLE_MODULES = YES;
				CLANG_ENABLE_OBJC_ARC = YES;
				CLANG_WARN_BLOCK_CAPTURE_AUTORELEASING = YES;
				CLANG_WARN_BOOL_CONVERSION = YES;
				CLANG_WARN_COMMA = YES;
				CLANG_WARN_CONSTANT_CONVERSION = YES;
				CLANG_WARN_DIRECT_OBJC_ISA_USAGE = YES_ERROR;
				CLANG_WARN_DOCUMENTATION_COMMENTS = YES;
				CLANG_WARN_EMPTY_BODY = YES;
				CLANG_WARN_ENUM_CONVERSION = YES;
				CLANG_WARN_INFINITE_RECURSION = YES;
				CLANG_WARN_INT_CONVERSION = YES;
				CLANG_WARN_NON_LITERAL_NULL_CONVERSION = YES;
				CLANG_WARN_OBJC_LITERAL_CONVERSION = YES;
				CLANG_WARN_OBJC_ROOT_CLASS = YES_ERROR;
				CLANG_WARN_RANGE_LOOP_ANALYSIS = YES;
				CLANG_WARN_STRICT_PROTOTYPES = YES;
				CLANG_WARN_SUSPICIOUS_MOVE = YES;
				CLANG_WARN_UNGUARDED_AVAILABILITY = YES_AGGRESSIVE;
				CLANG_WARN_UNREACHABLE_CODE = YES;
				CLANG_WARN__DUPLICATE_METHOD_MATCH = YES;
				CODE_SIGN_IDENTITY = "iPhone Developer";
				COPY_PHASE_STRIP = NO;
				DEBUG_INFORMATION_FORMAT = "dwarf-with-dsym";
				ENABLE_NS_ASSERTIONS = NO;
				ENABLE_STRICT_OBJC_MSGSEND = YES;
				GCC_C_LANGUAGE_STANDARD = gnu11;
				GCC_NO_COMMON_BLOCKS = YES;
				GCC_WARN_64_TO_32_BIT_CONVERSION = YES;
				GCC_WARN_ABOUT_RETURN_TYPE = YES_ERROR;
				GCC_WARN_UNDECLARED_SELECTOR = YES;
				GCC_WARN_UNINITIALIZED_AUTOS = YES_AGGRESSIVE;
				GCC_WARN_UNUSED_FUNCTION = YES;
				GCC_WARN_UNUSED_VARIABLE = YES;
				IPHONEOS_DEPLOYMENT_TARGET = 11.0;
				MTL_ENABLE_DEBUG_INFO = NO;
				SDKROOT = iphoneos;
				SWIFT_OPTIMIZATION_LEVEL = "-Owholemodule";
				VALIDATE_PRODUCT = YES;
			};
			name = Release;
		};
		562307FA1F4F018600EDEB58 /* Debug */ = {
			isa = XCBuildConfiguration;
			buildSettings = {
				ASSETCATALOG_COMPILER_APPICON_NAME = AppIcon;
				CODE_SIGN_STYLE = Automatic;
				DEVELOPMENT_TEAM = G9JF9YBU33;
				INFOPLIST_FILE = URLPractice/Info.plist;
				LD_RUNPATH_SEARCH_PATHS = "$(inherited) @executable_path/Frameworks";
				PRODUCT_BUNDLE_IDENTIFIER = WILD.URLPractice;
				PRODUCT_NAME = "$(TARGET_NAME)";
				SWIFT_VERSION = 4.0;
				TARGETED_DEVICE_FAMILY = "1,2";
			};
			name = Debug;
		};
		562307FB1F4F018600EDEB58 /* Release */ = {
			isa = XCBuildConfiguration;
			buildSettings = {
				ASSETCATALOG_COMPILER_APPICON_NAME = AppIcon;
				CODE_SIGN_STYLE = Automatic;
				DEVELOPMENT_TEAM = G9JF9YBU33;
				INFOPLIST_FILE = URLPractice/Info.plist;
				LD_RUNPATH_SEARCH_PATHS = "$(inherited) @executable_path/Frameworks";
				PRODUCT_BUNDLE_IDENTIFIER = WILD.URLPractice;
				PRODUCT_NAME = "$(TARGET_NAME)";
				SWIFT_VERSION = 4.0;
				TARGETED_DEVICE_FAMILY = "1,2";
			};
			name = Release;
		};
/* End XCBuildConfiguration section */

/* Begin XCConfigurationList section */
		562307E21F4F018600EDEB58 /* Build configuration list for PBXProject "URLPractice" */ = {
			isa = XCConfigurationList;
			buildConfigurations = (
				562307F71F4F018600EDEB58 /* Debug */,
				562307F81F4F018600EDEB58 /* Release */,
			);
			defaultConfigurationIsVisible = 0;
			defaultConfigurationName = Release;
		};
		562307F91F4F018600EDEB58 /* Build configuration list for PBXNativeTarget "URLPractice" */ = {
			isa = XCConfigurationList;
			buildConfigurations = (
				562307FA1F4F018600EDEB58 /* Debug */,
				562307FB1F4F018600EDEB58 /* Release */,
			);
			defaultConfigurationIsVisible = 0;
			defaultConfigurationName = Release;
		};
/* End XCConfigurationList section */
	};
	rootObject = 562307DF1F4F018600EDEB58 /* Project object */;
}
